
Microsoft Visual Studio Solution File, Format Version 12.00
# Visual Studio Version 17
VisualStudioVersion = 17.6.33723.286
MinimumVisualStudioVersion = 10.0.40219.1
Project("{FAE04EC0-301F-11D3-BF4B-00C04F79EFBC}") = "Telephone", "Telephone\Telephone.csproj", "{2754566B-455D-4ED3-AD83-EB455B9BD2FE}"
EndProject
Project("{FAE04EC0-301F-11D3-BF4B-00C04F79EFBC}") = "TelephoneTests", "TelephoneTests\TelephoneTests.csproj", "{A80C9EFF-A305-43E3-8DF9-BAAFE4AC13CE}"
	ProjectSection(ProjectDependencies) = postProject
		{2754566B-455D-4ED3-AD83-EB455B9BD2FE} = {2754566B-455D-4ED3-AD83-EB455B9BD2FE}
	EndProjectSection
EndProject
Global
	GlobalSection(SolutionConfigurationPlatforms) = preSolution
		Debug|Any CPU = Debug|Any CPU
		Release|Any CPU = Release|Any CPU
	EndGlobalSection
	GlobalSection(ProjectConfigurationPlatforms) = postSolution
		{2754566B-455D-4ED3-AD83-EB455B9BD2FE}.Debug|Any CPU.ActiveCfg = Debug|Any CPU
		{2754566B-455D-4ED3-AD83-EB455B9BD2FE}.Debug|Any CPU.Build.0 = Debug|Any CPU
		{2754566B-455D-4ED3-AD83-EB455B9BD2FE}.Release|Any CPU.ActiveCfg = Release|Any CPU
		{2754566B-455D-4ED3-AD83-EB455B9BD2FE}.Release|Any CPU.Build.0 = Release|Any CPU
		{A80C9EFF-A305-43E3-8DF9-BAAFE4AC13CE}.Debug|Any CPU.ActiveCfg = Debug|Any CPU
		{A80C9EFF-A305-43E3-8DF9-BAAFE4AC13CE}.Debug|Any CPU.Build.0 = Debug|Any CPU
		{A80C9EFF-A305-43E3-8DF9-BAAFE4AC13CE}.Release|Any CPU.ActiveCfg = Release|Any CPU
		{A80C9EFF-A305-43E3-8DF9-BAAFE4AC13CE}.Release|Any CPU.Build.0 = Release|Any CPU
	EndGlobalSection
	GlobalSection(SolutionProperties) = preSolution
		HideSolutionNode = FALSE
	EndGlobalSection
	GlobalSection(ExtensibilityGlobals) = postSolution
		SolutionGuid = {18126E5E-E80E-4312-960C-34465A80EC49}
	EndGlobalSection
EndGlobal
